// !$*UTF8*$!
{
	archiveVersion = 1;
	classes = {
	};
	objectVersion = 60;
	objects = {

/* Begin PBXBuildFile section */
		A97097C42C9B0FB500FD2707 /* CryptoComparisonViewAdapter.swift in Sources */ = {isa = PBXBuildFile; fileRef = A97097C32C9B0FB500FD2707 /* CryptoComparisonViewAdapter.swift */; };
		A97097C62C9B0FCF00FD2707 /* CryptoCurrencyModel.swift in Sources */ = {isa = PBXBuildFile; fileRef = A97097C52C9B0FCF00FD2707 /* CryptoCurrencyModel.swift */; };
		A97097CE2C9B2BBB00FD2707 /* Localizable.strings in Resources */ = {isa = PBXBuildFile; fileRef = A97097D02C9B2BBB00FD2707 /* Localizable.strings */; };
		A97097D32C9B2BD200FD2707 /* Localizable.strings in Resources */ = {isa = PBXBuildFile; fileRef = A97097D52C9B2BD200FD2707 /* Localizable.strings */; };
		A97097D82C9B317C00FD2707 /* GridPoint in Frameworks */ = {isa = PBXBuildFile; productRef = A97097D72C9B317C00FD2707 /* GridPoint */; };
		A986E0B72C9976EE00AAD02C /* CryptoCompareApp.swift in Sources */ = {isa = PBXBuildFile; fileRef = A986E0B62C9976EE00AAD02C /* CryptoCompareApp.swift */; };
		A986E0B92C9976EE00AAD02C /* CryptoListView.swift in Sources */ = {isa = PBXBuildFile; fileRef = A986E0B82C9976EE00AAD02C /* CryptoListView.swift */; };
		A986E0BB2C9976EE00AAD02C /* Item.swift in Sources */ = {isa = PBXBuildFile; fileRef = A986E0BA2C9976EE00AAD02C /* Item.swift */; };
		A986E0BD2C9976EE00AAD02C /* Assets.xcassets in Resources */ = {isa = PBXBuildFile; fileRef = A986E0BC2C9976EE00AAD02C /* Assets.xcassets */; };
		A986E0C12C9976EE00AAD02C /* Preview Assets.xcassets in Resources */ = {isa = PBXBuildFile; fileRef = A986E0C02C9976EE00AAD02C /* Preview Assets.xcassets */; };
		A986E0CB2C9976EE00AAD02C /* CryptoCompareTests.swift in Sources */ = {isa = PBXBuildFile; fileRef = A986E0CA2C9976EE00AAD02C /* CryptoCompareTests.swift */; };
		A986E0D52C9976EE00AAD02C /* CryptoCompareUITests.swift in Sources */ = {isa = PBXBuildFile; fileRef = A986E0D42C9976EE00AAD02C /* CryptoCompareUITests.swift */; };
		A986E0D72C9976EE00AAD02C /* CryptoCompareUITestsLaunchTests.swift in Sources */ = {isa = PBXBuildFile; fileRef = A986E0D62C9976EE00AAD02C /* CryptoCompareUITestsLaunchTests.swift */; };
		A986E0F42C997CF900AAD02C /* Coordinator.swift in Sources */ = {isa = PBXBuildFile; fileRef = A986E0F32C997CF900AAD02C /* Coordinator.swift */; };
		A986E0F72C99810D00AAD02C /* SplashView.swift in Sources */ = {isa = PBXBuildFile; fileRef = A986E0F62C99810D00AAD02C /* SplashView.swift */; };
		A986E0FA2C99882E00AAD02C /* CryptoDetailView.swift in Sources */ = {isa = PBXBuildFile; fileRef = A986E0F92C99882E00AAD02C /* CryptoDetailView.swift */; };
		A986E0FC2C99885300AAD02C /* CryptoDetailViewAdapter.swift in Sources */ = {isa = PBXBuildFile; fileRef = A986E0FB2C99885300AAD02C /* CryptoDetailViewAdapter.swift */; };
		A986E0FF2C99A0B000AAD02C /* CryptoListViewAdapter.swift in Sources */ = {isa = PBXBuildFile; fileRef = A986E0FE2C99A0B000AAD02C /* CryptoListViewAdapter.swift */; };
		A986E1012C99A0C200AAD02C /* CurrencyViewModel.swift in Sources */ = {isa = PBXBuildFile; fileRef = A986E1002C99A0C200AAD02C /* CurrencyViewModel.swift */; };
		A986E1042C99A36200AAD02C /* CryptoCompareView.swift in Sources */ = {isa = PBXBuildFile; fileRef = A986E1032C99A36200AAD02C /* CryptoCompareView.swift */; };
		A986E10D2C99B5E500AAD02C /* CryptoDetailModel.swift in Sources */ = {isa = PBXBuildFile; fileRef = A986E10C2C99B5E500AAD02C /* CryptoDetailModel.swift */; };
		A986E10F2C99B65B00AAD02C /* CryptoMarketModel.swift in Sources */ = {isa = PBXBuildFile; fileRef = A986E10E2C99B65B00AAD02C /* CryptoMarketModel.swift */; };
		A986E1122C99B8CE00AAD02C /* CryptoMarketService.swift in Sources */ = {isa = PBXBuildFile; fileRef = A986E1112C99B8CE00AAD02C /* CryptoMarketService.swift */; };
		A986E1392C99C0AE00AAD02C /* CryptoCore in Frameworks */ = {isa = PBXBuildFile; productRef = A986E1382C99C0AE00AAD02C /* CryptoCore */; };
		A986E13C2C9ABDC600AAD02C /* AppResource.swift in Sources */ = {isa = PBXBuildFile; fileRef = A986E13B2C9ABDC600AAD02C /* AppResource.swift */; };
		A986E13F2C9AD5D400AAD02C /* Double+extensions.swift in Sources */ = {isa = PBXBuildFile; fileRef = A986E13E2C9AD5D400AAD02C /* Double+extensions.swift */; };
		A986E1412C9AE26F00AAD02C /* UserDefaults+extensions.swift in Sources */ = {isa = PBXBuildFile; fileRef = A986E1402C9AE26F00AAD02C /* UserDefaults+extensions.swift */; };
		A986E1432C9AE27A00AAD02C /* Publisher+extensions.swift in Sources */ = {isa = PBXBuildFile; fileRef = A986E1422C9AE27A00AAD02C /* Publisher+extensions.swift */; };
		A986E1462C9AE4DD00AAD02C /* Currency.swift in Sources */ = {isa = PBXBuildFile; fileRef = A986E1452C9AE4DD00AAD02C /* Currency.swift */; };
/* End PBXBuildFile section */

/* Begin PBXContainerItemProxy section */
		A986E0C72C9976EE00AAD02C /* PBXContainerItemProxy */ = {
			isa = PBXContainerItemProxy;
			containerPortal = A986E0AB2C9976EE00AAD02C /* Project object */;
			proxyType = 1;
			remoteGlobalIDString = A986E0B22C9976EE00AAD02C;
			remoteInfo = CryptoCompare;
		};
		A986E0D12C9976EE00AAD02C /* PBXContainerItemProxy */ = {
			isa = PBXContainerItemProxy;
			containerPortal = A986E0AB2C9976EE00AAD02C /* Project object */;
			proxyType = 1;
			remoteGlobalIDString = A986E0B22C9976EE00AAD02C;
			remoteInfo = CryptoCompare;
		};
/* End PBXContainerItemProxy section */

/* Begin PBXFileReference section */
		A97097C32C9B0FB500FD2707 /* CryptoComparisonViewAdapter.swift */ = {isa = PBXFileReference; lastKnownFileType = sourcecode.swift; path = CryptoComparisonViewAdapter.swift; sourceTree = "<group>"; };
		A97097C52C9B0FCF00FD2707 /* CryptoCurrencyModel.swift */ = {isa = PBXFileReference; lastKnownFileType = sourcecode.swift; path = CryptoCurrencyModel.swift; sourceTree = "<group>"; };
		A97097CF2C9B2BBB00FD2707 /* en */ = {isa = PBXFileReference; lastKnownFileType = text.plist.strings; name = en; path = en.lproj/Localizable.strings; sourceTree = "<group>"; };
		A97097D42C9B2BD200FD2707 /* sv */ = {isa = PBXFileReference; lastKnownFileType = text.plist.strings; name = sv; path = sv.lproj/Localizable.strings; sourceTree = "<group>"; };
		A986E0B32C9976EE00AAD02C /* CryptoCompare.app */ = {isa = PBXFileReference; explicitFileType = wrapper.application; includeInIndex = 0; path = CryptoCompare.app; sourceTree = BUILT_PRODUCTS_DIR; };
		A986E0B62C9976EE00AAD02C /* CryptoCompareApp.swift */ = {isa = PBXFileReference; lastKnownFileType = sourcecode.swift; path = CryptoCompareApp.swift; sourceTree = "<group>"; };
		A986E0B82C9976EE00AAD02C /* CryptoListView.swift */ = {isa = PBXFileReference; lastKnownFileType = sourcecode.swift; path = CryptoListView.swift; sourceTree = "<group>"; };
		A986E0BA2C9976EE00AAD02C /* Item.swift */ = {isa = PBXFileReference; lastKnownFileType = sourcecode.swift; path = Item.swift; sourceTree = "<group>"; };
		A986E0BC2C9976EE00AAD02C /* Assets.xcassets */ = {isa = PBXFileReference; lastKnownFileType = folder.assetcatalog; path = Assets.xcassets; sourceTree = "<group>"; };
		A986E0BE2C9976EE00AAD02C /* CryptoCompare.entitlements */ = {isa = PBXFileReference; lastKnownFileType = text.plist.entitlements; path = CryptoCompare.entitlements; sourceTree = "<group>"; };
		A986E0C02C9976EE00AAD02C /* Preview Assets.xcassets */ = {isa = PBXFileReference; lastKnownFileType = folder.assetcatalog; path = "Preview Assets.xcassets"; sourceTree = "<group>"; };
		A986E0C62C9976EE00AAD02C /* CryptoCompareTests.xctest */ = {isa = PBXFileReference; explicitFileType = wrapper.cfbundle; includeInIndex = 0; path = CryptoCompareTests.xctest; sourceTree = BUILT_PRODUCTS_DIR; };
		A986E0CA2C9976EE00AAD02C /* CryptoCompareTests.swift */ = {isa = PBXFileReference; lastKnownFileType = sourcecode.swift; path = CryptoCompareTests.swift; sourceTree = "<group>"; };
		A986E0D02C9976EE00AAD02C /* CryptoCompareUITests.xctest */ = {isa = PBXFileReference; explicitFileType = wrapper.cfbundle; includeInIndex = 0; path = CryptoCompareUITests.xctest; sourceTree = BUILT_PRODUCTS_DIR; };
		A986E0D42C9976EE00AAD02C /* CryptoCompareUITests.swift */ = {isa = PBXFileReference; lastKnownFileType = sourcecode.swift; path = CryptoCompareUITests.swift; sourceTree = "<group>"; };
		A986E0D62C9976EE00AAD02C /* CryptoCompareUITestsLaunchTests.swift */ = {isa = PBXFileReference; lastKnownFileType = sourcecode.swift; path = CryptoCompareUITestsLaunchTests.swift; sourceTree = "<group>"; };
		A986E0F32C997CF900AAD02C /* Coordinator.swift */ = {isa = PBXFileReference; lastKnownFileType = sourcecode.swift; path = Coordinator.swift; sourceTree = "<group>"; };
		A986E0F62C99810D00AAD02C /* SplashView.swift */ = {isa = PBXFileReference; lastKnownFileType = sourcecode.swift; path = SplashView.swift; sourceTree = "<group>"; };
		A986E0F92C99882E00AAD02C /* CryptoDetailView.swift */ = {isa = PBXFileReference; lastKnownFileType = sourcecode.swift; path = CryptoDetailView.swift; sourceTree = "<group>"; };
		A986E0FB2C99885300AAD02C /* CryptoDetailViewAdapter.swift */ = {isa = PBXFileReference; lastKnownFileType = sourcecode.swift; path = CryptoDetailViewAdapter.swift; sourceTree = "<group>"; };
		A986E0FE2C99A0B000AAD02C /* CryptoListViewAdapter.swift */ = {isa = PBXFileReference; lastKnownFileType = sourcecode.swift; path = CryptoListViewAdapter.swift; sourceTree = "<group>"; };
		A986E1002C99A0C200AAD02C /* CurrencyViewModel.swift */ = {isa = PBXFileReference; lastKnownFileType = sourcecode.swift; path = CurrencyViewModel.swift; sourceTree = "<group>"; };
		A986E1032C99A36200AAD02C /* CryptoCompareView.swift */ = {isa = PBXFileReference; lastKnownFileType = sourcecode.swift; path = CryptoCompareView.swift; sourceTree = "<group>"; };
		A986E10C2C99B5E500AAD02C /* CryptoDetailModel.swift */ = {isa = PBXFileReference; lastKnownFileType = sourcecode.swift; path = CryptoDetailModel.swift; sourceTree = "<group>"; };
		A986E10E2C99B65B00AAD02C /* CryptoMarketModel.swift */ = {isa = PBXFileReference; lastKnownFileType = sourcecode.swift; path = CryptoMarketModel.swift; sourceTree = "<group>"; };
		A986E1112C99B8CE00AAD02C /* CryptoMarketService.swift */ = {isa = PBXFileReference; lastKnownFileType = sourcecode.swift; path = CryptoMarketService.swift; sourceTree = "<group>"; };
		A986E13B2C9ABDC600AAD02C /* AppResource.swift */ = {isa = PBXFileReference; lastKnownFileType = sourcecode.swift; path = AppResource.swift; sourceTree = "<group>"; };
		A986E13E2C9AD5D400AAD02C /* Double+extensions.swift */ = {isa = PBXFileReference; lastKnownFileType = sourcecode.swift; path = "Double+extensions.swift"; sourceTree = "<group>"; };
		A986E1402C9AE26F00AAD02C /* UserDefaults+extensions.swift */ = {isa = PBXFileReference; lastKnownFileType = sourcecode.swift; path = "UserDefaults+extensions.swift"; sourceTree = "<group>"; };
		A986E1422C9AE27A00AAD02C /* Publisher+extensions.swift */ = {isa = PBXFileReference; lastKnownFileType = sourcecode.swift; path = "Publisher+extensions.swift"; sourceTree = "<group>"; };
		A986E1452C9AE4DD00AAD02C /* Currency.swift */ = {isa = PBXFileReference; lastKnownFileType = sourcecode.swift; path = Currency.swift; sourceTree = "<group>"; };
/* End PBXFileReference section */

/* Begin PBXFrameworksBuildPhase section */
		A986E0B02C9976EE00AAD02C /* Frameworks */ = {
			isa = PBXFrameworksBuildPhase;
			buildActionMask = 2147483647;
			files = (
				A986E1392C99C0AE00AAD02C /* CryptoCore in Frameworks */,
				A97097D82C9B317C00FD2707 /* GridPoint in Frameworks */,
			);
			runOnlyForDeploymentPostprocessing = 0;
		};
		A986E0C32C9976EE00AAD02C /* Frameworks */ = {
			isa = PBXFrameworksBuildPhase;
			buildActionMask = 2147483647;
			files = (
			);
			runOnlyForDeploymentPostprocessing = 0;
		};
		A986E0CD2C9976EE00AAD02C /* Frameworks */ = {
			isa = PBXFrameworksBuildPhase;
			buildActionMask = 2147483647;
			files = (
			);
			runOnlyForDeploymentPostprocessing = 0;
		};
/* End PBXFrameworksBuildPhase section */

/* Begin PBXGroup section */
		A986E0AA2C9976EE00AAD02C = {
			isa = PBXGroup;
			children = (
				A986E0B52C9976EE00AAD02C /* CryptoCompare */,
				A986E0C92C9976EE00AAD02C /* CryptoCompareTests */,
				A986E0D32C9976EE00AAD02C /* CryptoCompareUITests */,
				A986E0B42C9976EE00AAD02C /* Products */,
			);
			sourceTree = "<group>";
		};
		A986E0B42C9976EE00AAD02C /* Products */ = {
			isa = PBXGroup;
			children = (
				A986E0B32C9976EE00AAD02C /* CryptoCompare.app */,
				A986E0C62C9976EE00AAD02C /* CryptoCompareTests.xctest */,
				A986E0D02C9976EE00AAD02C /* CryptoCompareUITests.xctest */,
			);
			name = Products;
			sourceTree = "<group>";
		};
		A986E0B52C9976EE00AAD02C /* CryptoCompare */ = {
			isa = PBXGroup;
			children = (
				A986E1442C9AE4D400AAD02C /* Enums */,
				A986E13D2C9AD5C800AAD02C /* Extensions */,
				A986E13A2C9ABDB800AAD02C /* Utility */,
				A986E1102C99B8C100AAD02C /* Services */,
				A986E10B2C99B5D800AAD02C /* Models */,
				A986E1022C99A35400AAD02C /* CryptoCompareView */,
				A986E0FD2C9989B500AAD02C /* CryptoListView */,
				A986E0F82C99882300AAD02C /* Detail */,
				A986E0F52C99810400AAD02C /* SplashView */,
				A986E0F22C997CF000AAD02C /* Navigation */,
				A986E0B62C9976EE00AAD02C /* CryptoCompareApp.swift */,
				A986E0BA2C9976EE00AAD02C /* Item.swift */,
				A986E0BC2C9976EE00AAD02C /* Assets.xcassets */,
				A986E0BE2C9976EE00AAD02C /* CryptoCompare.entitlements */,
				A986E0BF2C9976EE00AAD02C /* Preview Content */,
				A97097D02C9B2BBB00FD2707 /* Localizable.strings */,
				A97097D52C9B2BD200FD2707 /* Localizable.strings */,
			);
			path = CryptoCompare;
			sourceTree = "<group>";
		};
		A986E0BF2C9976EE00AAD02C /* Preview Content */ = {
			isa = PBXGroup;
			children = (
				A986E0C02C9976EE00AAD02C /* Preview Assets.xcassets */,
			);
			path = "Preview Content";
			sourceTree = "<group>";
		};
		A986E0C92C9976EE00AAD02C /* CryptoCompareTests */ = {
			isa = PBXGroup;
			children = (
				A986E0CA2C9976EE00AAD02C /* CryptoCompareTests.swift */,
			);
			path = CryptoCompareTests;
			sourceTree = "<group>";
		};
		A986E0D32C9976EE00AAD02C /* CryptoCompareUITests */ = {
			isa = PBXGroup;
			children = (
				A986E0D42C9976EE00AAD02C /* CryptoCompareUITests.swift */,
				A986E0D62C9976EE00AAD02C /* CryptoCompareUITestsLaunchTests.swift */,
			);
			path = CryptoCompareUITests;
			sourceTree = "<group>";
		};
		A986E0F22C997CF000AAD02C /* Navigation */ = {
			isa = PBXGroup;
			children = (
				A986E0F32C997CF900AAD02C /* Coordinator.swift */,
			);
			path = Navigation;
			sourceTree = "<group>";
		};
		A986E0F52C99810400AAD02C /* SplashView */ = {
			isa = PBXGroup;
			children = (
				A986E0F62C99810D00AAD02C /* SplashView.swift */,
			);
			path = SplashView;
			sourceTree = "<group>";
		};
		A986E0F82C99882300AAD02C /* Detail */ = {
			isa = PBXGroup;
			children = (
				A986E0F92C99882E00AAD02C /* CryptoDetailView.swift */,
				A986E0FB2C99885300AAD02C /* CryptoDetailViewAdapter.swift */,
			);
			path = Detail;
			sourceTree = "<group>";
		};
		A986E0FD2C9989B500AAD02C /* CryptoListView */ = {
			isa = PBXGroup;
			children = (
				A986E0B82C9976EE00AAD02C /* CryptoListView.swift */,
				A986E0FE2C99A0B000AAD02C /* CryptoListViewAdapter.swift */,
				A986E1002C99A0C200AAD02C /* CurrencyViewModel.swift */,
			);
			path = CryptoListView;
			sourceTree = "<group>";
		};
		A986E1022C99A35400AAD02C /* CryptoCompareView */ = {
			isa = PBXGroup;
			children = (
				A986E1032C99A36200AAD02C /* CryptoCompareView.swift */,
				A97097C32C9B0FB500FD2707 /* CryptoComparisonViewAdapter.swift */,
			);
			path = CryptoCompareView;
			sourceTree = "<group>";
		};
		A986E10B2C99B5D800AAD02C /* Models */ = {
			isa = PBXGroup;
			children = (
				A986E10C2C99B5E500AAD02C /* CryptoDetailModel.swift */,
				A986E10E2C99B65B00AAD02C /* CryptoMarketModel.swift */,
				A97097C52C9B0FCF00FD2707 /* CryptoCurrencyModel.swift */,
			);
			path = Models;
			sourceTree = "<group>";
		};
		A986E1102C99B8C100AAD02C /* Services */ = {
			isa = PBXGroup;
			children = (
				A986E1112C99B8CE00AAD02C /* CryptoMarketService.swift */,
			);
			path = Services;
			sourceTree = "<group>";
		};
		A986E13A2C9ABDB800AAD02C /* Utility */ = {
			isa = PBXGroup;
			children = (
				A986E13B2C9ABDC600AAD02C /* AppResource.swift */,
			);
			path = Utility;
			sourceTree = "<group>";
		};
		A986E13D2C9AD5C800AAD02C /* Extensions */ = {
			isa = PBXGroup;
			children = (
				A986E13E2C9AD5D400AAD02C /* Double+extensions.swift */,
				A986E1402C9AE26F00AAD02C /* UserDefaults+extensions.swift */,
				A986E1422C9AE27A00AAD02C /* Publisher+extensions.swift */,
			);
			path = Extensions;
			sourceTree = "<group>";
		};
		A986E1442C9AE4D400AAD02C /* Enums */ = {
			isa = PBXGroup;
			children = (
				A986E1452C9AE4DD00AAD02C /* Currency.swift */,
			);
			path = Enums;
			sourceTree = "<group>";
		};
/* End PBXGroup section */

/* Begin PBXNativeTarget section */
		A986E0B22C9976EE00AAD02C /* CryptoCompare */ = {
			isa = PBXNativeTarget;
			buildConfigurationList = A986E0DA2C9976EE00AAD02C /* Build configuration list for PBXNativeTarget "CryptoCompare" */;
			buildPhases = (
				A986E0AF2C9976EE00AAD02C /* Sources */,
				A986E0B02C9976EE00AAD02C /* Frameworks */,
				A986E0B12C9976EE00AAD02C /* Resources */,
			);
			buildRules = (
			);
			dependencies = (
			);
			name = CryptoCompare;
			packageProductDependencies = (
				A986E1382C99C0AE00AAD02C /* CryptoCore */,
				A97097D72C9B317C00FD2707 /* GridPoint */,
			);
			productName = CryptoCompare;
			productReference = A986E0B32C9976EE00AAD02C /* CryptoCompare.app */;
			productType = "com.apple.product-type.application";
		};
		A986E0C52C9976EE00AAD02C /* CryptoCompareTests */ = {
			isa = PBXNativeTarget;
			buildConfigurationList = A986E0DD2C9976EE00AAD02C /* Build configuration list for PBXNativeTarget "CryptoCompareTests" */;
			buildPhases = (
				A986E0C22C9976EE00AAD02C /* Sources */,
				A986E0C32C9976EE00AAD02C /* Frameworks */,
				A986E0C42C9976EE00AAD02C /* Resources */,
			);
			buildRules = (
			);
			dependencies = (
				A986E0C82C9976EE00AAD02C /* PBXTargetDependency */,
			);
			name = CryptoCompareTests;
			productName = CryptoCompareTests;
			productReference = A986E0C62C9976EE00AAD02C /* CryptoCompareTests.xctest */;
			productType = "com.apple.product-type.bundle.unit-test";
		};
		A986E0CF2C9976EE00AAD02C /* CryptoCompareUITests */ = {
			isa = PBXNativeTarget;
			buildConfigurationList = A986E0E02C9976EE00AAD02C /* Build configuration list for PBXNativeTarget "CryptoCompareUITests" */;
			buildPhases = (
				A986E0CC2C9976EE00AAD02C /* Sources */,
				A986E0CD2C9976EE00AAD02C /* Frameworks */,
				A986E0CE2C9976EE00AAD02C /* Resources */,
			);
			buildRules = (
			);
			dependencies = (
				A986E0D22C9976EE00AAD02C /* PBXTargetDependency */,
			);
			name = CryptoCompareUITests;
			productName = CryptoCompareUITests;
			productReference = A986E0D02C9976EE00AAD02C /* CryptoCompareUITests.xctest */;
			productType = "com.apple.product-type.bundle.ui-testing";
		};
/* End PBXNativeTarget section */

/* Begin PBXProject section */
		A986E0AB2C9976EE00AAD02C /* Project object */ = {
			isa = PBXProject;
			attributes = {
				BuildIndependentTargetsInParallel = 1;
				LastSwiftUpdateCheck = 1520;
				LastUpgradeCheck = 1520;
				TargetAttributes = {
					A986E0B22C9976EE00AAD02C = {
						CreatedOnToolsVersion = 15.2;
					};
					A986E0C52C9976EE00AAD02C = {
						CreatedOnToolsVersion = 15.2;
						TestTargetID = A986E0B22C9976EE00AAD02C;
					};
					A986E0CF2C9976EE00AAD02C = {
						CreatedOnToolsVersion = 15.2;
						TestTargetID = A986E0B22C9976EE00AAD02C;
					};
				};
			};
			buildConfigurationList = A986E0AE2C9976EE00AAD02C /* Build configuration list for PBXProject "CryptoCompare" */;
			compatibilityVersion = "Xcode 14.0";
			developmentRegion = en;
			hasScannedForEncodings = 0;
			knownRegions = (
				en,
				Base,
				sv,
			);
			mainGroup = A986E0AA2C9976EE00AAD02C;
			packageReferences = (
				A986E1372C99C0AE00AAD02C /* XCLocalSwiftPackageReference "../CryptoCore" */,
				A97097D62C9B317C00FD2707 /* XCLocalSwiftPackageReference "../GridPoint" */,
			);
			productRefGroup = A986E0B42C9976EE00AAD02C /* Products */;
			projectDirPath = "";
			projectRoot = "";
			targets = (
				A986E0B22C9976EE00AAD02C /* CryptoCompare */,
				A986E0C52C9976EE00AAD02C /* CryptoCompareTests */,
				A986E0CF2C9976EE00AAD02C /* CryptoCompareUITests */,
			);
		};
/* End PBXProject section */

/* Begin PBXResourcesBuildPhase section */
		A986E0B12C9976EE00AAD02C /* Resources */ = {
			isa = PBXResourcesBuildPhase;
			buildActionMask = 2147483647;
			files = (
				A986E0C12C9976EE00AAD02C /* Preview Assets.xcassets in Resources */,
				A97097D32C9B2BD200FD2707 /* Localizable.strings in Resources */,
				A97097CE2C9B2BBB00FD2707 /* Localizable.strings in Resources */,
				A986E0BD2C9976EE00AAD02C /* Assets.xcassets in Resources */,
			);
			runOnlyForDeploymentPostprocessing = 0;
		};
		A986E0C42C9976EE00AAD02C /* Resources */ = {
			isa = PBXResourcesBuildPhase;
			buildActionMask = 2147483647;
			files = (
			);
			runOnlyForDeploymentPostprocessing = 0;
		};
		A986E0CE2C9976EE00AAD02C /* Resources */ = {
			isa = PBXResourcesBuildPhase;
			buildActionMask = 2147483647;
			files = (
			);
			runOnlyForDeploymentPostprocessing = 0;
		};
/* End PBXResourcesBuildPhase section */

/* Begin PBXSourcesBuildPhase section */
		A986E0AF2C9976EE00AAD02C /* Sources */ = {
			isa = PBXSourcesBuildPhase;
			buildActionMask = 2147483647;
			files = (
				A986E1462C9AE4DD00AAD02C /* Currency.swift in Sources */,
				A986E0FA2C99882E00AAD02C /* CryptoDetailView.swift in Sources */,
				A986E0F42C997CF900AAD02C /* Coordinator.swift in Sources */,
				A97097C42C9B0FB500FD2707 /* CryptoComparisonViewAdapter.swift in Sources */,
				A986E0FC2C99885300AAD02C /* CryptoDetailViewAdapter.swift in Sources */,
				A986E13F2C9AD5D400AAD02C /* Double+extensions.swift in Sources */,
				A986E0B92C9976EE00AAD02C /* CryptoListView.swift in Sources */,
				A986E10F2C99B65B00AAD02C /* CryptoMarketModel.swift in Sources */,
				A986E10D2C99B5E500AAD02C /* CryptoDetailModel.swift in Sources */,
				A986E0F72C99810D00AAD02C /* SplashView.swift in Sources */,
				A986E0BB2C9976EE00AAD02C /* Item.swift in Sources */,
				A986E1122C99B8CE00AAD02C /* CryptoMarketService.swift in Sources */,
				A986E1412C9AE26F00AAD02C /* UserDefaults+extensions.swift in Sources */,
				A986E0B72C9976EE00AAD02C /* CryptoCompareApp.swift in Sources */,
				A986E1012C99A0C200AAD02C /* CurrencyViewModel.swift in Sources */,
				A986E1432C9AE27A00AAD02C /* Publisher+extensions.swift in Sources */,
				A986E0FF2C99A0B000AAD02C /* CryptoListViewAdapter.swift in Sources */,
				A97097C62C9B0FCF00FD2707 /* CryptoCurrencyModel.swift in Sources */,
				A986E1042C99A36200AAD02C /* CryptoCompareView.swift in Sources */,
				A986E13C2C9ABDC600AAD02C /* AppResource.swift in Sources */,
			);
			runOnlyForDeploymentPostprocessing = 0;
		};
		A986E0C22C9976EE00AAD02C /* Sources */ = {
			isa = PBXSourcesBuildPhase;
			buildActionMask = 2147483647;
			files = (
				A986E0CB2C9976EE00AAD02C /* CryptoCompareTests.swift in Sources */,
			);
			runOnlyForDeploymentPostprocessing = 0;
		};
		A986E0CC2C9976EE00AAD02C /* Sources */ = {
			isa = PBXSourcesBuildPhase;
			buildActionMask = 2147483647;
			files = (
				A986E0D52C9976EE00AAD02C /* CryptoCompareUITests.swift in Sources */,
				A986E0D72C9976EE00AAD02C /* CryptoCompareUITestsLaunchTests.swift in Sources */,
			);
			runOnlyForDeploymentPostprocessing = 0;
		};
/* End PBXSourcesBuildPhase section */

/* Begin PBXTargetDependency section */
		A986E0C82C9976EE00AAD02C /* PBXTargetDependency */ = {
			isa = PBXTargetDependency;
			target = A986E0B22C9976EE00AAD02C /* CryptoCompare */;
			targetProxy = A986E0C72C9976EE00AAD02C /* PBXContainerItemProxy */;
		};
		A986E0D22C9976EE00AAD02C /* PBXTargetDependency */ = {
			isa = PBXTargetDependency;
			target = A986E0B22C9976EE00AAD02C /* CryptoCompare */;
			targetProxy = A986E0D12C9976EE00AAD02C /* PBXContainerItemProxy */;
		};
/* End PBXTargetDependency section */

/* Begin PBXVariantGroup section */
		A97097D02C9B2BBB00FD2707 /* Localizable.strings */ = {
			isa = PBXVariantGroup;
			children = (
				A97097CF2C9B2BBB00FD2707 /* en */,
			);
			name = Localizable.strings;
			sourceTree = "<group>";
		};
		A97097D52C9B2BD200FD2707 /* Localizable.strings */ = {
			isa = PBXVariantGroup;
			children = (
				A97097D42C9B2BD200FD2707 /* sv */,
			);
			name = Localizable.strings;
			sourceTree = "<group>";
		};
/* End PBXVariantGroup section */

/* Begin XCBuildConfiguration section */
		A986E0D82C9976EE00AAD02C /* Debug */ = {
			isa = XCBuildConfiguration;
			buildSettings = {
				ALWAYS_SEARCH_USER_PATHS = NO;
				ASSETCATALOG_COMPILER_GENERATE_SWIFT_ASSET_SYMBOL_EXTENSIONS = YES;
				CLANG_ANALYZER_NONNULL = YES;
				CLANG_ANALYZER_NUMBER_OBJECT_CONVERSION = YES_AGGRESSIVE;
				CLANG_CXX_LANGUAGE_STANDARD = "gnu++20";
				CLANG_ENABLE_MODULES = YES;
				CLANG_ENABLE_OBJC_ARC = YES;
				CLANG_ENABLE_OBJC_WEAK = YES;
				CLANG_WARN_BLOCK_CAPTURE_AUTORELEASING = YES;
				CLANG_WARN_BOOL_CONVERSION = YES;
				CLANG_WARN_COMMA = YES;
				CLANG_WARN_CONSTANT_CONVERSION = YES;
				CLANG_WARN_DEPRECATED_OBJC_IMPLEMENTATIONS = YES;
				CLANG_WARN_DIRECT_OBJC_ISA_USAGE = YES_ERROR;
				CLANG_WARN_DOCUMENTATION_COMMENTS = YES;
				CLANG_WARN_EMPTY_BODY = YES;
				CLANG_WARN_ENUM_CONVERSION = YES;
				CLANG_WARN_INFINITE_RECURSION = YES;
				CLANG_WARN_INT_CONVERSION = YES;
				CLANG_WARN_NON_LITERAL_NULL_CONVERSION = YES;
				CLANG_WARN_OBJC_IMPLICIT_RETAIN_SELF = YES;
				CLANG_WARN_OBJC_LITERAL_CONVERSION = YES;
				CLANG_WARN_OBJC_ROOT_CLASS = YES_ERROR;
				CLANG_WARN_QUOTED_INCLUDE_IN_FRAMEWORK_HEADER = YES;
				CLANG_WARN_RANGE_LOOP_ANALYSIS = YES;
				CLANG_WARN_STRICT_PROTOTYPES = YES;
				CLANG_WARN_SUSPICIOUS_MOVE = YES;
				CLANG_WARN_UNGUARDED_AVAILABILITY = YES_AGGRESSIVE;
				CLANG_WARN_UNREACHABLE_CODE = YES;
				CLANG_WARN__DUPLICATE_METHOD_MATCH = YES;
				COPY_PHASE_STRIP = NO;
				DEBUG_INFORMATION_FORMAT = dwarf;
				ENABLE_STRICT_OBJC_MSGSEND = YES;
				ENABLE_TESTABILITY = YES;
				ENABLE_USER_SCRIPT_SANDBOXING = YES;
				GCC_C_LANGUAGE_STANDARD = gnu17;
				GCC_DYNAMIC_NO_PIC = NO;
				GCC_NO_COMMON_BLOCKS = YES;
				GCC_OPTIMIZATION_LEVEL = 0;
				GCC_PREPROCESSOR_DEFINITIONS = (
					"DEBUG=1",
					"$(inherited)",
				);
				GCC_WARN_64_TO_32_BIT_CONVERSION = YES;
				GCC_WARN_ABOUT_RETURN_TYPE = YES_ERROR;
				GCC_WARN_UNDECLARED_SELECTOR = YES;
				GCC_WARN_UNINITIALIZED_AUTOS = YES_AGGRESSIVE;
				GCC_WARN_UNUSED_FUNCTION = YES;
				GCC_WARN_UNUSED_VARIABLE = YES;
				LOCALIZATION_PREFERS_STRING_CATALOGS = YES;
				MTL_ENABLE_DEBUG_INFO = INCLUDE_SOURCE;
				MTL_FAST_MATH = YES;
				ONLY_ACTIVE_ARCH = YES;
				SWIFT_ACTIVE_COMPILATION_CONDITIONS = "DEBUG $(inherited)";
				SWIFT_OPTIMIZATION_LEVEL = "-Onone";
			};
			name = Debug;
		};
		A986E0D92C9976EE00AAD02C /* Release */ = {
			isa = XCBuildConfiguration;
			buildSettings = {
				ALWAYS_SEARCH_USER_PATHS = NO;
				ASSETCATALOG_COMPILER_GENERATE_SWIFT_ASSET_SYMBOL_EXTENSIONS = YES;
				CLANG_ANALYZER_NONNULL = YES;
				CLANG_ANALYZER_NUMBER_OBJECT_CONVERSION = YES_AGGRESSIVE;
				CLANG_CXX_LANGUAGE_STANDARD = "gnu++20";
				CLANG_ENABLE_MODULES = YES;
				CLANG_ENABLE_OBJC_ARC = YES;
				CLANG_ENABLE_OBJC_WEAK = YES;
				CLANG_WARN_BLOCK_CAPTURE_AUTORELEASING = YES;
				CLANG_WARN_BOOL_CONVERSION = YES;
				CLANG_WARN_COMMA = YES;
				CLANG_WARN_CONSTANT_CONVERSION = YES;
				CLANG_WARN_DEPRECATED_OBJC_IMPLEMENTATIONS = YES;
				CLANG_WARN_DIRECT_OBJC_ISA_USAGE = YES_ERROR;
				CLANG_WARN_DOCUMENTATION_COMMENTS = YES;
				CLANG_WARN_EMPTY_BODY = YES;
				CLANG_WARN_ENUM_CONVERSION = YES;
				CLANG_WARN_INFINITE_RECURSION = YES;
				CLANG_WARN_INT_CONVERSION = YES;
				CLANG_WARN_NON_LITERAL_NULL_CONVERSION = YES;
				CLANG_WARN_OBJC_IMPLICIT_RETAIN_SELF = YES;
				CLANG_WARN_OBJC_LITERAL_CONVERSION = YES;
				CLANG_WARN_OBJC_ROOT_CLASS = YES_ERROR;
				CLANG_WARN_QUOTED_INCLUDE_IN_FRAMEWORK_HEADER = YES;
				CLANG_WARN_RANGE_LOOP_ANALYSIS = YES;
				CLANG_WARN_STRICT_PROTOTYPES = YES;
				CLANG_WARN_SUSPICIOUS_MOVE = YES;
				CLANG_WARN_UNGUARDED_AVAILABILITY = YES_AGGRESSIVE;
				CLANG_WARN_UNREACHABLE_CODE = YES;
				CLANG_WARN__DUPLICATE_METHOD_MATCH = YES;
				COPY_PHASE_STRIP = NO;
				DEBUG_INFORMATION_FORMAT = "dwarf-with-dsym";
				ENABLE_NS_ASSERTIONS = NO;
				ENABLE_STRICT_OBJC_MSGSEND = YES;
				ENABLE_USER_SCRIPT_SANDBOXING = YES;
				GCC_C_LANGUAGE_STANDARD = gnu17;
				GCC_NO_COMMON_BLOCKS = YES;
				GCC_WARN_64_TO_32_BIT_CONVERSION = YES;
				GCC_WARN_ABOUT_RETURN_TYPE = YES_ERROR;
				GCC_WARN_UNDECLARED_SELECTOR = YES;
				GCC_WARN_UNINITIALIZED_AUTOS = YES_AGGRESSIVE;
				GCC_WARN_UNUSED_FUNCTION = YES;
				GCC_WARN_UNUSED_VARIABLE = YES;
				LOCALIZATION_PREFERS_STRING_CATALOGS = YES;
				MTL_ENABLE_DEBUG_INFO = NO;
				MTL_FAST_MATH = YES;
				SWIFT_COMPILATION_MODE = wholemodule;
			};
			name = Release;
		};
		A986E0DB2C9976EE00AAD02C /* Debug */ = {
			isa = XCBuildConfiguration;
			buildSettings = {
				ASSETCATALOG_COMPILER_APPICON_NAME = AppIcon;
				ASSETCATALOG_COMPILER_GLOBAL_ACCENT_COLOR_NAME = AccentColor;
				CODE_SIGN_ENTITLEMENTS = CryptoCompare/CryptoCompare.entitlements;
				CODE_SIGN_STYLE = Automatic;
				CURRENT_PROJECT_VERSION = 1;
				DEVELOPMENT_ASSET_PATHS = "\"CryptoCompare/Preview Content\"";
				DEVELOPMENT_TEAM = J7Y78MCBC5;
				ENABLE_HARDENED_RUNTIME = YES;
				ENABLE_PREVIEWS = YES;
				GENERATE_INFOPLIST_FILE = YES;
				"INFOPLIST_KEY_UIApplicationSceneManifest_Generation[sdk=iphoneos*]" = YES;
				"INFOPLIST_KEY_UIApplicationSceneManifest_Generation[sdk=iphonesimulator*]" = YES;
				"INFOPLIST_KEY_UIApplicationSupportsIndirectInputEvents[sdk=iphoneos*]" = YES;
				"INFOPLIST_KEY_UIApplicationSupportsIndirectInputEvents[sdk=iphonesimulator*]" = YES;
				"INFOPLIST_KEY_UILaunchScreen_Generation[sdk=iphoneos*]" = YES;
				"INFOPLIST_KEY_UILaunchScreen_Generation[sdk=iphonesimulator*]" = YES;
				"INFOPLIST_KEY_UIStatusBarStyle[sdk=iphoneos*]" = UIStatusBarStyleDefault;
				"INFOPLIST_KEY_UIStatusBarStyle[sdk=iphonesimulator*]" = UIStatusBarStyleDefault;
				INFOPLIST_KEY_UISupportedInterfaceOrientations = UIInterfaceOrientationPortrait;
				IPHONEOS_DEPLOYMENT_TARGET = 17.2;
				LD_RUNPATH_SEARCH_PATHS = "@executable_path/Frameworks";
				"LD_RUNPATH_SEARCH_PATHS[sdk=macosx*]" = "@executable_path/../Frameworks";
				MACOSX_DEPLOYMENT_TARGET = 14.0;
				MARKETING_VERSION = 1.0;
				PRODUCT_BUNDLE_IDENTIFIER = TTF.CryptoCompare;
				PRODUCT_NAME = "$(TARGET_NAME)";
				SDKROOT = auto;
				SUPPORTED_PLATFORMS = "iphoneos iphonesimulator";
				SUPPORTS_MACCATALYST = NO;
				SWIFT_EMIT_LOC_STRINGS = YES;
				SWIFT_VERSION = 5.0;
				TARGETED_DEVICE_FAMILY = 1;
			};
			name = Debug;
		};
		A986E0DC2C9976EE00AAD02C /* Release */ = {
			isa = XCBuildConfiguration;
			buildSettings = {
				ASSETCATALOG_COMPILER_APPICON_NAME = AppIcon;
				ASSETCATALOG_COMPILER_GLOBAL_ACCENT_COLOR_NAME = AccentColor;
				CODE_SIGN_ENTITLEMENTS = CryptoCompare/CryptoCompare.entitlements;
				CODE_SIGN_STYLE = Automatic;
				CURRENT_PROJECT_VERSION = 1;
				DEVELOPMENT_ASSET_PATHS = "\"CryptoCompare/Preview Content\"";
				DEVELOPMENT_TEAM = J7Y78MCBC5;
				ENABLE_HARDENED_RUNTIME = YES;
				ENABLE_PREVIEWS = YES;
				GENERATE_INFOPLIST_FILE = YES;
				"INFOPLIST_KEY_UIApplicationSceneManifest_Generation[sdk=iphoneos*]" = YES;
				"INFOPLIST_KEY_UIApplicationSceneManifest_Generation[sdk=iphonesimulator*]" = YES;
				"INFOPLIST_KEY_UIApplicationSupportsIndirectInputEvents[sdk=iphoneos*]" = YES;
				"INFOPLIST_KEY_UIApplicationSupportsIndirectInputEvents[sdk=iphonesimulator*]" = YES;
				"INFOPLIST_KEY_UILaunchScreen_Generation[sdk=iphoneos*]" = YES;
				"INFOPLIST_KEY_UILaunchScreen_Generation[sdk=iphonesimulator*]" = YES;
				"INFOPLIST_KEY_UIStatusBarStyle[sdk=iphoneos*]" = UIStatusBarStyleDefault;
				"INFOPLIST_KEY_UIStatusBarStyle[sdk=iphonesimulator*]" = UIStatusBarStyleDefault;
				INFOPLIST_KEY_UISupportedInterfaceOrientations = UIInterfaceOrientationPortrait;
				IPHONEOS_DEPLOYMENT_TARGET = 17.2;
				LD_RUNPATH_SEARCH_PATHS = "@executable_path/Frameworks";
				"LD_RUNPATH_SEARCH_PATHS[sdk=macosx*]" = "@executable_path/../Frameworks";
				MACOSX_DEPLOYMENT_TARGET = 14.0;
				MARKETING_VERSION = 1.0;
				PRODUCT_BUNDLE_IDENTIFIER = TTF.CryptoCompare;
				PRODUCT_NAME = "$(TARGET_NAME)";
				SDKROOT = auto;
				SUPPORTED_PLATFORMS = "iphoneos iphonesimulator";
				SUPPORTS_MACCATALYST = NO;
				SWIFT_EMIT_LOC_STRINGS = YES;
				SWIFT_VERSION = 5.0;
				TARGETED_DEVICE_FAMILY = 1;
			};
			name = Release;
		};
		A986E0DE2C9976EE00AAD02C /* Debug */ = {
			isa = XCBuildConfiguration;
			buildSettings = {
				ALWAYS_EMBED_SWIFT_STANDARD_LIBRARIES = YES;
				BUNDLE_LOADER = "$(TEST_HOST)";
				CODE_SIGN_STYLE = Automatic;
				CURRENT_PROJECT_VERSION = 1;
				DEVELOPMENT_TEAM = J7Y78MCBC5;
				GENERATE_INFOPLIST_FILE = YES;
				IPHONEOS_DEPLOYMENT_TARGET = 17.2;
				MACOSX_DEPLOYMENT_TARGET = 14.1;
				MARKETING_VERSION = 1.0;
				PRODUCT_BUNDLE_IDENTIFIER = TTF.CryptoCompareTests;
				PRODUCT_NAME = "$(TARGET_NAME)";
				SDKROOT = auto;
				SUPPORTED_PLATFORMS = "iphoneos iphonesimulator macosx";
				SWIFT_EMIT_LOC_STRINGS = NO;
				SWIFT_VERSION = 5.0;
				TARGETED_DEVICE_FAMILY = "1,2";
				TEST_HOST = "$(BUILT_PRODUCTS_DIR)/CryptoCompare.app/$(BUNDLE_EXECUTABLE_FOLDER_PATH)/CryptoCompare";
			};
			name = Debug;
		};
		A986E0DF2C9976EE00AAD02C /* Release */ = {
			isa = XCBuildConfiguration;
			buildSettings = {
				ALWAYS_EMBED_SWIFT_STANDARD_LIBRARIES = YES;
				BUNDLE_LOADER = "$(TEST_HOST)";
				CODE_SIGN_STYLE = Automatic;
				CURRENT_PROJECT_VERSION = 1;
				DEVELOPMENT_TEAM = J7Y78MCBC5;
				GENERATE_INFOPLIST_FILE = YES;
				IPHONEOS_DEPLOYMENT_TARGET = 17.2;
				MACOSX_DEPLOYMENT_TARGET = 14.1;
				MARKETING_VERSION = 1.0;
				PRODUCT_BUNDLE_IDENTIFIER = TTF.CryptoCompareTests;
				PRODUCT_NAME = "$(TARGET_NAME)";
				SDKROOT = auto;
				SUPPORTED_PLATFORMS = "iphoneos iphonesimulator macosx";
				SWIFT_EMIT_LOC_STRINGS = NO;
				SWIFT_VERSION = 5.0;
				TARGETED_DEVICE_FAMILY = "1,2";
				TEST_HOST = "$(BUILT_PRODUCTS_DIR)/CryptoCompare.app/$(BUNDLE_EXECUTABLE_FOLDER_PATH)/CryptoCompare";
			};
			name = Release;
		};
		A986E0E12C9976EE00AAD02C /* Debug */ = {
			isa = XCBuildConfiguration;
			buildSettings = {
				ALWAYS_EMBED_SWIFT_STANDARD_LIBRARIES = YES;
				CODE_SIGN_STYLE = Automatic;
				CURRENT_PROJECT_VERSION = 1;
				DEVELOPMENT_TEAM = J7Y78MCBC5;
				GENERATE_INFOPLIST_FILE = YES;
				IPHONEOS_DEPLOYMENT_TARGET = 17.2;
				MACOSX_DEPLOYMENT_TARGET = 14.1;
				MARKETING_VERSION = 1.0;
				PRODUCT_BUNDLE_IDENTIFIER = TTF.CryptoCompareUITests;
				PRODUCT_NAME = "$(TARGET_NAME)";
				SDKROOT = auto;
				SUPPORTED_PLATFORMS = "iphoneos iphonesimulator macosx";
				SWIFT_EMIT_LOC_STRINGS = NO;
				SWIFT_VERSION = 5.0;
				TARGETED_DEVICE_FAMILY = "1,2";
				TEST_TARGET_NAME = CryptoCompare;
			};
			name = Debug;
		};
		A986E0E22C9976EE00AAD02C /* Release */ = {
			isa = XCBuildConfiguration;
			buildSettings = {
				ALWAYS_EMBED_SWIFT_STANDARD_LIBRARIES = YES;
				CODE_SIGN_STYLE = Automatic;
				CURRENT_PROJECT_VERSION = 1;
				DEVELOPMENT_TEAM = J7Y78MCBC5;
				GENERATE_INFOPLIST_FILE = YES;
				IPHONEOS_DEPLOYMENT_TARGET = 17.2;
				MACOSX_DEPLOYMENT_TARGET = 14.1;
				MARKETING_VERSION = 1.0;
				PRODUCT_BUNDLE_IDENTIFIER = TTF.CryptoCompareUITests;
				PRODUCT_NAME = "$(TARGET_NAME)";
				SDKROOT = auto;
				SUPPORTED_PLATFORMS = "iphoneos iphonesimulator macosx";
				SWIFT_EMIT_LOC_STRINGS = NO;
				SWIFT_VERSION = 5.0;
				TARGETED_DEVICE_FAMILY = "1,2";
				TEST_TARGET_NAME = CryptoCompare;
			};
			name = Release;
		};
/* End XCBuildConfiguration section */

/* Begin XCConfigurationList section */
		A986E0AE2C9976EE00AAD02C /* Build configuration list for PBXProject "CryptoCompare" */ = {
			isa = XCConfigurationList;
			buildConfigurations = (
				A986E0D82C9976EE00AAD02C /* Debug */,
				A986E0D92C9976EE00AAD02C /* Release */,
			);
			defaultConfigurationIsVisible = 0;
			defaultConfigurationName = Release;
		};
		A986E0DA2C9976EE00AAD02C /* Build configuration list for PBXNativeTarget "CryptoCompare" */ = {
			isa = XCConfigurationList;
			buildConfigurations = (
				A986E0DB2C9976EE00AAD02C /* Debug */,
				A986E0DC2C9976EE00AAD02C /* Release */,
			);
			defaultConfigurationIsVisible = 0;
			defaultConfigurationName = Release;
		};
		A986E0DD2C9976EE00AAD02C /* Build configuration list for PBXNativeTarget "CryptoCompareTests" */ = {
			isa = XCConfigurationList;
			buildConfigurations = (
				A986E0DE2C9976EE00AAD02C /* Debug */,
				A986E0DF2C9976EE00AAD02C /* Release */,
			);
			defaultConfigurationIsVisible = 0;
			defaultConfigurationName = Release;
		};
		A986E0E02C9976EE00AAD02C /* Build configuration list for PBXNativeTarget "CryptoCompareUITests" */ = {
			isa = XCConfigurationList;
			buildConfigurations = (
				A986E0E12C9976EE00AAD02C /* Debug */,
				A986E0E22C9976EE00AAD02C /* Release */,
			);
			defaultConfigurationIsVisible = 0;
			defaultConfigurationName = Release;
		};
/* End XCConfigurationList section */

/* Begin XCLocalSwiftPackageReference section */
		A97097D62C9B317C00FD2707 /* XCLocalSwiftPackageReference "../GridPoint" */ = {
			isa = XCLocalSwiftPackageReference;
			relativePath = ../GridPoint;
		};
		A986E1372C99C0AE00AAD02C /* XCLocalSwiftPackageReference "../CryptoCore" */ = {
			isa = XCLocalSwiftPackageReference;
			relativePath = ../CryptoCore;
		};
/* End XCLocalSwiftPackageReference section */

/* Begin XCSwiftPackageProductDependency section */
		A97097D72C9B317C00FD2707 /* GridPoint */ = {
			isa = XCSwiftPackageProductDependency;
			productName = GridPoint;
		};
		A986E1382C99C0AE00AAD02C /* CryptoCore */ = {
			isa = XCSwiftPackageProductDependency;
			productName = CryptoCore;
		};
/* End XCSwiftPackageProductDependency section */
	};
	rootObject = A986E0AB2C9976EE00AAD02C /* Project object */;
}
